
Microsoft Visual Studio Solution File, Format Version 12.00
# Visual Studio Version 16
VisualStudioVersion = 16.0.31727.386
MinimumVisualStudioVersion = 10.0.40219.1
Project("{FAE04EC0-301F-11D3-BF4B-00C04F79EFBC}") = "MDK 02.02 Pract 5", "MDK 02.02 Pract 5\MDK 02.02 Pract 5.csproj", "{0E0F392B-8F66-4BB8-9F1F-A15B963C9A74}"
EndProject
Project("{FAE04EC0-301F-11D3-BF4B-00C04F79EFBC}") = "ClassLibrary1", "ClassLibrary1\ClassLibrary1.csproj", "{150D4EE1-4038-4930-81EA-06DAFFFF4B3A}"
EndProject
Global
	GlobalSection(SolutionConfigurationPlatforms) = preSolution
		Debug|Any CPU = Debug|Any CPU
		Release|Any CPU = Release|Any CPU
	EndGlobalSection
	GlobalSection(ProjectConfigurationPlatforms) = postSolution
		{0E0F392B-8F66-4BB8-9F1F-A15B963C9A74}.Debug|Any CPU.ActiveCfg = Debug|Any CPU
		{0E0F392B-8F66-4BB8-9F1F-A15B963C9A74}.Debug|Any CPU.Build.0 = Debug|Any CPU
		{0E0F392B-8F66-4BB8-9F1F-A15B963C9A74}.Release|Any CPU.ActiveCfg = Release|Any CPU
		{0E0F392B-8F66-4BB8-9F1F-A15B963C9A74}.Release|Any CPU.Build.0 = Release|Any CPU
		{150D4EE1-4038-4930-81EA-06DAFFFF4B3A}.Debug|Any CPU.ActiveCfg = Debug|Any CPU
		{150D4EE1-4038-4930-81EA-06DAFFFF4B3A}.Debug|Any CPU.Build.0 = Debug|Any CPU
		{150D4EE1-4038-4930-81EA-06DAFFFF4B3A}.Release|Any CPU.ActiveCfg = Release|Any CPU
		{150D4EE1-4038-4930-81EA-06DAFFFF4B3A}.Release|Any CPU.Build.0 = Release|Any CPU
	EndGlobalSection
	GlobalSection(SolutionProperties) = preSolution
		HideSolutionNode = FALSE
	EndGlobalSection
	GlobalSection(ExtensibilityGlobals) = postSolution
		SolutionGuid = {33997771-1067-479B-99D0-5BCE69504F66}
	EndGlobalSection
EndGlobal
